// !$*UTF8*$!
{
	archiveVersion = 1;
	classes = {
	};
	objectVersion = 46;
	objects = {

/* Begin PBXBuildFile section */
		810779711BF9629800756A0C /* AppDelegate.swift in Sources */ = {isa = PBXBuildFile; fileRef = 810779701BF9629800756A0C /* AppDelegate.swift */; };
		810779781BF9629800756A0C /* Assets.xcassets in Resources */ = {isa = PBXBuildFile; fileRef = 810779771BF9629800756A0C /* Assets.xcassets */; };
		8107797B1BF9629800756A0C /* LaunchScreen.storyboard in Resources */ = {isa = PBXBuildFile; fileRef = 810779791BF9629800756A0C /* LaunchScreen.storyboard */; };
		810779831BF9631D00756A0C /* Main.storyboard in Resources */ = {isa = PBXBuildFile; fileRef = 810779821BF9631D00756A0C /* Main.storyboard */; };
		810779871BF9636500756A0C /* SetlistViewController.swift in Sources */ = {isa = PBXBuildFile; fileRef = 810779841BF9636500756A0C /* SetlistViewController.swift */; };
		810779881BF9636500756A0C /* SongHistoryViewController.swift in Sources */ = {isa = PBXBuildFile; fileRef = 810779851BF9636500756A0C /* SongHistoryViewController.swift */; };
		810779891BF9636500756A0C /* TourMapViewController.swift in Sources */ = {isa = PBXBuildFile; fileRef = 810779861BF9636500756A0C /* TourMapViewController.swift */; };
		810779901BF963C700756A0C /* PhishModel.swift in Sources */ = {isa = PBXBuildFile; fileRef = 8107798B1BF963C700756A0C /* PhishModel.swift */; };
		810779911BF963C700756A0C /* PhishShow.swift in Sources */ = {isa = PBXBuildFile; fileRef = 8107798C1BF963C700756A0C /* PhishShow.swift */; };
		810779921BF963C700756A0C /* PhishSong.swift in Sources */ = {isa = PBXBuildFile; fileRef = 8107798D1BF963C700756A0C /* PhishSong.swift */; };
		810779931BF963C700756A0C /* PhishTour.swift in Sources */ = {isa = PBXBuildFile; fileRef = 8107798E1BF963C700756A0C /* PhishTour.swift */; };
		810779941BF963C700756A0C /* PhishYear.swift in Sources */ = {isa = PBXBuildFile; fileRef = 8107798F1BF963C700756A0C /* PhishYear.swift */; };
		810779981BF9640D00756A0C /* MapquestClient.swift in Sources */ = {isa = PBXBuildFile; fileRef = 810779961BF9640D00756A0C /* MapquestClient.swift */; };
		810779991BF9640D00756A0C /* PhishinClient.swift in Sources */ = {isa = PBXBuildFile; fileRef = 810779971BF9640D00756A0C /* PhishinClient.swift */; };
		8107799E1BF9646D00756A0C /* TourNavControls.swift in Sources */ = {isa = PBXBuildFile; fileRef = 8107799B1BF9646D00756A0C /* TourNavControls.swift */; };
		8107799F1BF9646D00756A0C /* SongCell.swift in Sources */ = {isa = PBXBuildFile; fileRef = 8107799C1BF9646D00756A0C /* SongCell.swift */; };
		810779A01BF9646D00756A0C /* TourListCell.swift in Sources */ = {isa = PBXBuildFile; fileRef = 8107799D1BF9646D00756A0C /* TourListCell.swift */; };
		810779A71BF964B700756A0C /* CalloutCell.swift in Sources */ = {isa = PBXBuildFile; fileRef = 810779A31BF964B700756A0C /* CalloutCell.swift */; };
		810779A81BF964B700756A0C /* CalloutCellView.swift in Sources */ = {isa = PBXBuildFile; fileRef = 810779A41BF964B700756A0C /* CalloutCellView.swift */; };
		810779A91BF964B700756A0C /* SMCalloutView.m in Sources */ = {isa = PBXBuildFile; fileRef = 810779A61BF964B700756A0C /* SMCalloutView.m */; };
		818B924C1C1152D20005543B /* phishtour1.png in Resources */ = {isa = PBXBuildFile; fileRef = 818B92481C1152D20005543B /* phishtour1.png */; };
		818B924D1C1152D20005543B /* phishtour2.png in Resources */ = {isa = PBXBuildFile; fileRef = 818B92491C1152D20005543B /* phishtour2.png */; };
		818B924E1C1152D20005543B /* phishtour3.png in Resources */ = {isa = PBXBuildFile; fileRef = 818B924A1C1152D20005543B /* phishtour3.png */; };
		818B924F1C1152D20005543B /* README.md in Sources */ = {isa = PBXBuildFile; fileRef = 818B924B1C1152D20005543B /* README.md */; };
		81979D9E1BFBD33700408BDD /* CoreDataStack.swift in Sources */ = {isa = PBXBuildFile; fileRef = 81979D9D1BFBD33700408BDD /* CoreDataStack.swift */; };
		81979DA11BFC0ED300408BDD /* PhishTourModel.xcdatamodeld in Sources */ = {isa = PBXBuildFile; fileRef = 81979D9F1BFC0ED300408BDD /* PhishTourModel.xcdatamodeld */; };
		81B23C021C0A3C00005AA00B /* PhishSongPerformance.swift in Sources */ = {isa = PBXBuildFile; fileRef = 81B23C011C0A3C00005AA00B /* PhishSongPerformance.swift */; };
/* End PBXBuildFile section */

/* Begin PBXFileReference section */
		8107796D1BF9629800756A0C /* PhishTour.app */ = {isa = PBXFileReference; explicitFileType = wrapper.application; includeInIndex = 0; path = PhishTour.app; sourceTree = BUILT_PRODUCTS_DIR; };
		810779701BF9629800756A0C /* AppDelegate.swift */ = {isa = PBXFileReference; lastKnownFileType = sourcecode.swift; path = AppDelegate.swift; sourceTree = "<group>"; };
		810779771BF9629800756A0C /* Assets.xcassets */ = {isa = PBXFileReference; lastKnownFileType = folder.assetcatalog; path = Assets.xcassets; sourceTree = "<group>"; };
		8107797A1BF9629800756A0C /* Base */ = {isa = PBXFileReference; lastKnownFileType = file.storyboard; name = Base; path = Base.lproj/LaunchScreen.storyboard; sourceTree = "<group>"; };
		8107797C1BF9629800756A0C /* Info.plist */ = {isa = PBXFileReference; lastKnownFileType = text.plist.xml; path = Info.plist; sourceTree = "<group>"; };
		810779821BF9631D00756A0C /* Main.storyboard */ = {isa = PBXFileReference; fileEncoding = 4; lastKnownFileType = file.storyboard; name = Main.storyboard; path = ../Main.storyboard; sourceTree = "<group>"; };
		810779841BF9636500756A0C /* SetlistViewController.swift */ = {isa = PBXFileReference; fileEncoding = 4; lastKnownFileType = sourcecode.swift; name = SetlistViewController.swift; path = ../SetlistViewController.swift; sourceTree = "<group>"; };
		810779851BF9636500756A0C /* SongHistoryViewController.swift */ = {isa = PBXFileReference; fileEncoding = 4; lastKnownFileType = sourcecode.swift; name = SongHistoryViewController.swift; path = ../SongHistoryViewController.swift; sourceTree = "<group>"; };
		810779861BF9636500756A0C /* TourMapViewController.swift */ = {isa = PBXFileReference; fileEncoding = 4; lastKnownFileType = sourcecode.swift; name = TourMapViewController.swift; path = ../TourMapViewController.swift; sourceTree = "<group>"; };
		8107798B1BF963C700756A0C /* PhishModel.swift */ = {isa = PBXFileReference; fileEncoding = 4; lastKnownFileType = sourcecode.swift; name = PhishModel.swift; path = ../PhishModel.swift; sourceTree = "<group>"; };
		8107798C1BF963C700756A0C /* PhishShow.swift */ = {isa = PBXFileReference; fileEncoding = 4; lastKnownFileType = sourcecode.swift; name = PhishShow.swift; path = ../PhishShow.swift; sourceTree = "<group>"; };
		8107798D1BF963C700756A0C /* PhishSong.swift */ = {isa = PBXFileReference; fileEncoding = 4; lastKnownFileType = sourcecode.swift; name = PhishSong.swift; path = ../PhishSong.swift; sourceTree = "<group>"; };
		8107798E1BF963C700756A0C /* PhishTour.swift */ = {isa = PBXFileReference; fileEncoding = 4; lastKnownFileType = sourcecode.swift; path = PhishTour.swift; sourceTree = SOURCE_ROOT; };
		8107798F1BF963C700756A0C /* PhishYear.swift */ = {isa = PBXFileReference; fileEncoding = 4; lastKnownFileType = sourcecode.swift; name = PhishYear.swift; path = ../PhishYear.swift; sourceTree = "<group>"; };
		810779961BF9640D00756A0C /* MapquestClient.swift */ = {isa = PBXFileReference; fileEncoding = 4; lastKnownFileType = sourcecode.swift; path = MapquestClient.swift; sourceTree = "<group>"; };
		810779971BF9640D00756A0C /* PhishinClient.swift */ = {isa = PBXFileReference; fileEncoding = 4; lastKnownFileType = sourcecode.swift; path = PhishinClient.swift; sourceTree = "<group>"; };
		8107799B1BF9646D00756A0C /* TourNavControls.swift */ = {isa = PBXFileReference; fileEncoding = 4; lastKnownFileType = sourcecode.swift; path = TourNavControls.swift; sourceTree = "<group>"; };
		8107799C1BF9646D00756A0C /* SongCell.swift */ = {isa = PBXFileReference; fileEncoding = 4; lastKnownFileType = sourcecode.swift; path = SongCell.swift; sourceTree = "<group>"; };
		8107799D1BF9646D00756A0C /* TourListCell.swift */ = {isa = PBXFileReference; fileEncoding = 4; lastKnownFileType = sourcecode.swift; path = TourListCell.swift; sourceTree = "<group>"; };
		810779A21BF964B600756A0C /* PhishTour-Bridging-Header.h */ = {isa = PBXFileReference; lastKnownFileType = sourcecode.c.h; path = "PhishTour-Bridging-Header.h"; sourceTree = "<group>"; };
		810779A31BF964B700756A0C /* CalloutCell.swift */ = {isa = PBXFileReference; fileEncoding = 4; lastKnownFileType = sourcecode.swift; path = CalloutCell.swift; sourceTree = "<group>"; };
		810779A41BF964B700756A0C /* CalloutCellView.swift */ = {isa = PBXFileReference; fileEncoding = 4; lastKnownFileType = sourcecode.swift; path = CalloutCellView.swift; sourceTree = "<group>"; };
		810779A51BF964B700756A0C /* SMCalloutView.h */ = {isa = PBXFileReference; fileEncoding = 4; lastKnownFileType = sourcecode.c.h; path = SMCalloutView.h; sourceTree = "<group>"; };
		810779A61BF964B700756A0C /* SMCalloutView.m */ = {isa = PBXFileReference; fileEncoding = 4; lastKnownFileType = sourcecode.c.objc; path = SMCalloutView.m; sourceTree = "<group>"; };
		818B92481C1152D20005543B /* phishtour1.png */ = {isa = PBXFileReference; lastKnownFileType = image.png; path = phishtour1.png; sourceTree = "<group>"; };
		818B92491C1152D20005543B /* phishtour2.png */ = {isa = PBXFileReference; lastKnownFileType = image.png; path = phishtour2.png; sourceTree = "<group>"; };
		818B924A1C1152D20005543B /* phishtour3.png */ = {isa = PBXFileReference; lastKnownFileType = image.png; path = phishtour3.png; sourceTree = "<group>"; };
		818B924B1C1152D20005543B /* README.md */ = {isa = PBXFileReference; fileEncoding = 4; lastKnownFileType = net.daringfireball.markdown; path = README.md; sourceTree = "<group>"; };
		81979D9D1BFBD33700408BDD /* CoreDataStack.swift */ = {isa = PBXFileReference; fileEncoding = 4; lastKnownFileType = sourcecode.swift; path = CoreDataStack.swift; sourceTree = "<group>"; };
		81979DA01BFC0ED300408BDD /* PhishTourModel.xcdatamodel */ = {isa = PBXFileReference; lastKnownFileType = wrapper.xcdatamodel; path = PhishTourModel.xcdatamodel; sourceTree = "<group>"; };
		81B23C011C0A3C00005AA00B /* PhishSongPerformance.swift */ = {isa = PBXFileReference; fileEncoding = 4; lastKnownFileType = sourcecode.swift; path = PhishSongPerformance.swift; sourceTree = "<group>"; };
/* End PBXFileReference section */

/* Begin PBXFrameworksBuildPhase section */
		8107796A1BF9629800756A0C /* Frameworks */ = {
			isa = PBXFrameworksBuildPhase;
			buildActionMask = 2147483647;
			files = (
			);
			runOnlyForDeploymentPostprocessing = 0;
		};
/* End PBXFrameworksBuildPhase section */

/* Begin PBXGroup section */
		810779641BF9629800756A0C = {
			isa = PBXGroup;
			children = (
				8107796F1BF9629800756A0C /* PhishTour */,
				8107796E1BF9629800756A0C /* Products */,
			);
			sourceTree = "<group>";
		};
		8107796E1BF9629800756A0C /* Products */ = {
			isa = PBXGroup;
			children = (
				8107796D1BF9629800756A0C /* PhishTour.app */,
			);
			name = Products;
			sourceTree = "<group>";
		};
		8107796F1BF9629800756A0C /* PhishTour */ = {
			isa = PBXGroup;
			children = (
				818B92481C1152D20005543B /* phishtour1.png */,
				818B92491C1152D20005543B /* phishtour2.png */,
				818B924A1C1152D20005543B /* phishtour3.png */,
				818B924B1C1152D20005543B /* README.md */,
				810779701BF9629800756A0C /* AppDelegate.swift */,
				81979D9D1BFBD33700408BDD /* CoreDataStack.swift */,
				81979D9F1BFC0ED300408BDD /* PhishTourModel.xcdatamodeld */,
				810779821BF9631D00756A0C /* Main.storyboard */,
				8107798A1BF9638100756A0C /* View Controllers */,
				810779951BF963E900756A0C /* Model Classes */,
				8107799A1BF9642600756A0C /* Client Classes */,
				810779A11BF9647400756A0C /* Custom Classes */,
				810779AA1BF964C600756A0C /* Pin Callouts */,
				810779771BF9629800756A0C /* Assets.xcassets */,
				810779791BF9629800756A0C /* LaunchScreen.storyboard */,
				8107797C1BF9629800756A0C /* Info.plist */,
			);
			path = PhishTour;
			sourceTree = "<group>";
		};
		8107798A1BF9638100756A0C /* View Controllers */ = {
			isa = PBXGroup;
			children = (
				810779861BF9636500756A0C /* TourMapViewController.swift */,
				810779841BF9636500756A0C /* SetlistViewController.swift */,
				810779851BF9636500756A0C /* SongHistoryViewController.swift */,
			);
			name = "View Controllers";
			sourceTree = "<group>";
		};
		810779951BF963E900756A0C /* Model Classes */ = {
			isa = PBXGroup;
			children = (
				8107798B1BF963C700756A0C /* PhishModel.swift */,
				8107798F1BF963C700756A0C /* PhishYear.swift */,
				8107798E1BF963C700756A0C /* PhishTour.swift */,
				8107798C1BF963C700756A0C /* PhishShow.swift */,
				8107798D1BF963C700756A0C /* PhishSong.swift */,
				81B23C011C0A3C00005AA00B /* PhishSongPerformance.swift */,
			);
			name = "Model Classes";
			sourceTree = "<group>";
		};
		8107799A1BF9642600756A0C /* Client Classes */ = {
			isa = PBXGroup;
			children = (
				810779971BF9640D00756A0C /* PhishinClient.swift */,
				810779961BF9640D00756A0C /* MapquestClient.swift */,
			);
			name = "Client Classes";
			path = ..;
			sourceTree = "<group>";
		};
		810779A11BF9647400756A0C /* Custom Classes */ = {
			isa = PBXGroup;
			children = (
				8107799B1BF9646D00756A0C /* TourNavControls.swift */,
				8107799D1BF9646D00756A0C /* TourListCell.swift */,
				8107799C1BF9646D00756A0C /* SongCell.swift */,
			);
			name = "Custom Classes";
			path = ..;
			sourceTree = "<group>";
		};
		810779AA1BF964C600756A0C /* Pin Callouts */ = {
			isa = PBXGroup;
			children = (
				810779A41BF964B700756A0C /* CalloutCellView.swift */,
				810779A31BF964B700756A0C /* CalloutCell.swift */,
				810779A51BF964B700756A0C /* SMCalloutView.h */,
				810779A61BF964B700756A0C /* SMCalloutView.m */,
				810779A21BF964B600756A0C /* PhishTour-Bridging-Header.h */,
			);
			name = "Pin Callouts";
			path = ..;
			sourceTree = "<group>";
		};
/* End PBXGroup section */

/* Begin PBXNativeTarget section */
		8107796C1BF9629800756A0C /* PhishTour */ = {
			isa = PBXNativeTarget;
			buildConfigurationList = 8107797F1BF9629800756A0C /* Build configuration list for PBXNativeTarget "PhishTour" */;
			buildPhases = (
				810779691BF9629800756A0C /* Sources */,
				8107796A1BF9629800756A0C /* Frameworks */,
				8107796B1BF9629800756A0C /* Resources */,
			);
			buildRules = (
			);
			dependencies = (
			);
			name = PhishTour;
			productName = PhishTour;
			productReference = 8107796D1BF9629800756A0C /* PhishTour.app */;
			productType = "com.apple.product-type.application";
		};
/* End PBXNativeTarget section */

/* Begin PBXProject section */
		810779651BF9629800756A0C /* Project object */ = {
			isa = PBXProject;
			attributes = {
				LastSwiftUpdateCheck = 0710;
				LastUpgradeCheck = 0710;
				ORGANIZATIONNAME = AaronJ;
				TargetAttributes = {
					8107796C1BF9629800756A0C = {
						CreatedOnToolsVersion = 7.1;
						DevelopmentTeam = 7T995FZ75P;
					};
				};
			};
			buildConfigurationList = 810779681BF9629800756A0C /* Build configuration list for PBXProject "PhishTour" */;
			compatibilityVersion = "Xcode 3.2";
			developmentRegion = English;
			hasScannedForEncodings = 0;
			knownRegions = (
				en,
				Base,
			);
			mainGroup = 810779641BF9629800756A0C;
			productRefGroup = 8107796E1BF9629800756A0C /* Products */;
			projectDirPath = "";
			projectRoot = "";
			targets = (
				8107796C1BF9629800756A0C /* PhishTour */,
			);
		};
/* End PBXProject section */

/* Begin PBXResourcesBuildPhase section */
		8107796B1BF9629800756A0C /* Resources */ = {
			isa = PBXResourcesBuildPhase;
			buildActionMask = 2147483647;
			files = (
				818B924E1C1152D20005543B /* phishtour3.png in Resources */,
				818B924D1C1152D20005543B /* phishtour2.png in Resources */,
				818B924C1C1152D20005543B /* phishtour1.png in Resources */,
				810779831BF9631D00756A0C /* Main.storyboard in Resources */,
				8107797B1BF9629800756A0C /* LaunchScreen.storyboard in Resources */,
				810779781BF9629800756A0C /* Assets.xcassets in Resources */,
			);
			runOnlyForDeploymentPostprocessing = 0;
		};
/* End PBXResourcesBuildPhase section */

/* Begin PBXSourcesBuildPhase section */
		810779691BF9629800756A0C /* Sources */ = {
			isa = PBXSourcesBuildPhase;
			buildActionMask = 2147483647;
			files = (
				81979DA11BFC0ED300408BDD /* PhishTourModel.xcdatamodeld in Sources */,
				810779931BF963C700756A0C /* PhishTour.swift in Sources */,
				8107799F1BF9646D00756A0C /* SongCell.swift in Sources */,
				818B924F1C1152D20005543B /* README.md in Sources */,
				810779941BF963C700756A0C /* PhishYear.swift in Sources */,
				81979D9E1BFBD33700408BDD /* CoreDataStack.swift in Sources */,
				810779711BF9629800756A0C /* AppDelegate.swift in Sources */,
				81B23C021C0A3C00005AA00B /* PhishSongPerformance.swift in Sources */,
				8107799E1BF9646D00756A0C /* TourNavControls.swift in Sources */,
				810779911BF963C700756A0C /* PhishShow.swift in Sources */,
				810779991BF9640D00756A0C /* PhishinClient.swift in Sources */,
				810779A01BF9646D00756A0C /* TourListCell.swift in Sources */,
				810779981BF9640D00756A0C /* MapquestClient.swift in Sources */,
				810779901BF963C700756A0C /* PhishModel.swift in Sources */,
				810779A71BF964B700756A0C /* CalloutCell.swift in Sources */,
				810779891BF9636500756A0C /* TourMapViewController.swift in Sources */,
				810779A91BF964B700756A0C /* SMCalloutView.m in Sources */,
				810779921BF963C700756A0C /* PhishSong.swift in Sources */,
				810779881BF9636500756A0C /* SongHistoryViewController.swift in Sources */,
				810779871BF9636500756A0C /* SetlistViewController.swift in Sources */,
				810779A81BF964B700756A0C /* CalloutCellView.swift in Sources */,
			);
			runOnlyForDeploymentPostprocessing = 0;
		};
/* End PBXSourcesBuildPhase section */

/* Begin PBXVariantGroup section */
		810779791BF9629800756A0C /* LaunchScreen.storyboard */ = {
			isa = PBXVariantGroup;
			children = (
				8107797A1BF9629800756A0C /* Base */,
			);
			name = LaunchScreen.storyboard;
			sourceTree = "<group>";
		};
/* End PBXVariantGroup section */

/* Begin XCBuildConfiguration section */
		8107797D1BF9629800756A0C /* Debug */ = {
			isa = XCBuildConfiguration;
			buildSettings = {
				ALWAYS_SEARCH_USER_PATHS = NO;
				CLANG_CXX_LANGUAGE_STANDARD = "gnu++0x";
				CLANG_CXX_LIBRARY = "libc++";
				CLANG_ENABLE_MODULES = YES;
				CLANG_ENABLE_OBJC_ARC = YES;
				CLANG_WARN_BOOL_CONVERSION = YES;
				CLANG_WARN_CONSTANT_CONVERSION = YES;
				CLANG_WARN_DIRECT_OBJC_ISA_USAGE = YES_ERROR;
				CLANG_WARN_EMPTY_BODY = YES;
				CLANG_WARN_ENUM_CONVERSION = YES;
				CLANG_WARN_INT_CONVERSION = YES;
				CLANG_WARN_OBJC_ROOT_CLASS = YES_ERROR;
				CLANG_WARN_UNREACHABLE_CODE = YES;
				CLANG_WARN__DUPLICATE_METHOD_MATCH = YES;
				"CODE_SIGN_IDENTITY[sdk=iphoneos*]" = "iPhone Developer";
				COPY_PHASE_STRIP = NO;
				DEBUG_INFORMATION_FORMAT = dwarf;
				ENABLE_STRICT_OBJC_MSGSEND = YES;
				ENABLE_TESTABILITY = YES;
				GCC_C_LANGUAGE_STANDARD = gnu99;
				GCC_DYNAMIC_NO_PIC = NO;
				GCC_NO_COMMON_BLOCKS = YES;
				GCC_OPTIMIZATION_LEVEL = 0;
				GCC_PREPROCESSOR_DEFINITIONS = (
					"DEBUG=1",
					"$(inherited)",
				);
				GCC_WARN_64_TO_32_BIT_CONVERSION = YES;
				GCC_WARN_ABOUT_RETURN_TYPE = YES_ERROR;
				GCC_WARN_UNDECLARED_SELECTOR = YES;
				GCC_WARN_UNINITIALIZED_AUTOS = YES_AGGRESSIVE;
				GCC_WARN_UNUSED_FUNCTION = YES;
				GCC_WARN_UNUSED_VARIABLE = YES;
				IPHONEOS_DEPLOYMENT_TARGET = 9.1;
				MTL_ENABLE_DEBUG_INFO = YES;
				ONLY_ACTIVE_ARCH = YES;
				SDKROOT = iphoneos;
				SWIFT_OPTIMIZATION_LEVEL = "-Onone";
			};
			name = Debug;
		};
		8107797E1BF9629800756A0C /* Release */ = {
			isa = XCBuildConfiguration;
			buildSettings = {
				ALWAYS_SEARCH_USER_PATHS = NO;
				CLANG_CXX_LANGUAGE_STANDARD = "gnu++0x";
				CLANG_CXX_LIBRARY = "libc++";
				CLANG_ENABLE_MODULES = YES;
				CLANG_ENABLE_OBJC_ARC = YES;
				CLANG_WARN_BOOL_CONVERSION = YES;
				CLANG_WARN_CONSTANT_CONVERSION = YES;
				CLANG_WARN_DIRECT_OBJC_ISA_USAGE = YES_ERROR;
				CLANG_WARN_EMPTY_BODY = YES;
				CLANG_WARN_ENUM_CONVERSION = YES;
				CLANG_WARN_INT_CONVERSION = YES;
				CLANG_WARN_OBJC_ROOT_CLASS = YES_ERROR;
				CLANG_WARN_UNREACHABLE_CODE = YES;
				CLANG_WARN__DUPLICATE_METHOD_MATCH = YES;
				"CODE_SIGN_IDENTITY[sdk=iphoneos*]" = "iPhone Developer";
				COPY_PHASE_STRIP = NO;
				DEBUG_INFORMATION_FORMAT = "dwarf-with-dsym";
				ENABLE_NS_ASSERTIONS = NO;
				ENABLE_STRICT_OBJC_MSGSEND = YES;
				GCC_C_LANGUAGE_STANDARD = gnu99;
				GCC_NO_COMMON_BLOCKS = YES;
				GCC_WARN_64_TO_32_BIT_CONVERSION = YES;
				GCC_WARN_ABOUT_RETURN_TYPE = YES_ERROR;
				GCC_WARN_UNDECLARED_SELECTOR = YES;
				GCC_WARN_UNINITIALIZED_AUTOS = YES_AGGRESSIVE;
				GCC_WARN_UNUSED_FUNCTION = YES;
				GCC_WARN_UNUSED_VARIABLE = YES;
				IPHONEOS_DEPLOYMENT_TARGET = 9.1;
				MTL_ENABLE_DEBUG_INFO = NO;
				SDKROOT = iphoneos;
				VALIDATE_PRODUCT = YES;
			};
			name = Release;
		};
		810779801BF9629800756A0C /* Debug */ = {
			isa = XCBuildConfiguration;
			buildSettings = {
				ASSETCATALOG_COMPILER_APPICON_NAME = AppIcon;
				CLANG_ENABLE_MODULES = YES;
				INFOPLIST_FILE = PhishTour/Info.plist;
				LD_RUNPATH_SEARCH_PATHS = "$(inherited) @executable_path/Frameworks";
				PRODUCT_BUNDLE_IDENTIFIER = com.aaronj.PhishTour;
				PRODUCT_NAME = "$(TARGET_NAME)";
				SWIFT_OBJC_BRIDGING_HEADER = "PhishTour-Bridging-Header.h";
				SWIFT_OPTIMIZATION_LEVEL = "-Onone";
			};
			name = Debug;
		};
		810779811BF9629800756A0C /* Release */ = {
			isa = XCBuildConfiguration;
			buildSettings = {
				ASSETCATALOG_COMPILER_APPICON_NAME = AppIcon;
				CLANG_ENABLE_MODULES = YES;
				INFOPLIST_FILE = PhishTour/Info.plist;
				LD_RUNPATH_SEARCH_PATHS = "$(inherited) @executable_path/Frameworks";
				PRODUCT_BUNDLE_IDENTIFIER = com.aaronj.PhishTour;
				PRODUCT_NAME = "$(TARGET_NAME)";
				SWIFT_OBJC_BRIDGING_HEADER = "PhishTour-Bridging-Header.h";
			};
			name = Release;
		};
/* End XCBuildConfiguration section */

/* Begin XCConfigurationList section */
		810779681BF9629800756A0C /* Build configuration list for PBXProject "PhishTour" */ = {
			isa = XCConfigurationList;
			buildConfigurations = (
				8107797D1BF9629800756A0C /* Debug */,
				8107797E1BF9629800756A0C /* Release */,
			);
			defaultConfigurationIsVisible = 0;
			defaultConfigurationName = Release;
		};
		8107797F1BF9629800756A0C /* Build configuration list for PBXNativeTarget "PhishTour" */ = {
			isa = XCConfigurationList;
			buildConfigurations = (
				810779801BF9629800756A0C /* Debug */,
				810779811BF9629800756A0C /* Release */,
			);
			defaultConfigurationIsVisible = 0;
			defaultConfigurationName = Release;
		};
/* End XCConfigurationList section */

/* Begin XCVersionGroup section */
		81979D9F1BFC0ED300408BDD /* PhishTourModel.xcdatamodeld */ = {
			isa = XCVersionGroup;
			children = (
				81979DA01BFC0ED300408BDD /* PhishTourModel.xcdatamodel */,
			);
			currentVersion = 81979DA01BFC0ED300408BDD /* PhishTourModel.xcdatamodel */;
			path = PhishTourModel.xcdatamodeld;
			sourceTree = "<group>";
			versionGroupType = wrapper.xcdatamodel;
		};
/* End XCVersionGroup section */
	};
	rootObject = 810779651BF9629800756A0C /* Project object */;
}
